// !$*UTF8*$!
{
	archiveVersion = 1;
	classes = {
	};
	objectVersion = 55;
	objects = {

/* Begin PBXBuildFile section */
		9732566427C28FA600838225 /* LifeViewController.swift in Sources */ = {isa = PBXBuildFile; fileRef = 9732566327C28FA600838225 /* LifeViewController.swift */; };
		9732566627C298D800838225 /* LifeTableViewCell.xib in Resources */ = {isa = PBXBuildFile; fileRef = 9732566527C298D800838225 /* LifeTableViewCell.xib */; };
		97543C9227C65D8F006B1B97 /* MyTableViewCell.xib in Resources */ = {isa = PBXBuildFile; fileRef = 97543C9127C65D8F006B1B97 /* MyTableViewCell.xib */; };
		97543C9627C6AD78006B1B97 /* AddContent.storyboard in Resources */ = {isa = PBXBuildFile; fileRef = 97543C9527C6AD78006B1B97 /* AddContent.storyboard */; };
		97543C9827C6B22A006B1B97 /* AddContentViewController.swift in Sources */ = {isa = PBXBuildFile; fileRef = 97543C9727C6B22A006B1B97 /* AddContentViewController.swift */; };
		976268A227C77280000D7ACC /* protocol.swift in Sources */ = {isa = PBXBuildFile; fileRef = 976268A127C77280000D7ACC /* protocol.swift */; };
		976268A427C7BE77000D7ACC /* DetailViewController.swift in Sources */ = {isa = PBXBuildFile; fileRef = 976268A327C7BE77000D7ACC /* DetailViewController.swift */; };
		97B9986A27C0DCA000698B1B /* AppDelegate.swift in Sources */ = {isa = PBXBuildFile; fileRef = 97B9986927C0DCA000698B1B /* AppDelegate.swift */; };
		97B9986C27C0DCA000698B1B /* SceneDelegate.swift in Sources */ = {isa = PBXBuildFile; fileRef = 97B9986B27C0DCA000698B1B /* SceneDelegate.swift */; };
		97B9986E27C0DCA000698B1B /* HomeViewController.swift in Sources */ = {isa = PBXBuildFile; fileRef = 97B9986D27C0DCA000698B1B /* HomeViewController.swift */; };
		97B9987127C0DCA000698B1B /* Main.storyboard in Resources */ = {isa = PBXBuildFile; fileRef = 97B9986F27C0DCA000698B1B /* Main.storyboard */; };
		97B9987327C0DCA100698B1B /* Assets.xcassets in Resources */ = {isa = PBXBuildFile; fileRef = 97B9987227C0DCA100698B1B /* Assets.xcassets */; };
		97B9987627C0DCA100698B1B /* LaunchScreen.storyboard in Resources */ = {isa = PBXBuildFile; fileRef = 97B9987427C0DCA100698B1B /* LaunchScreen.storyboard */; };
		97E9288627C4872600AEBD84 /* ChatTableViewCell.xib in Resources */ = {isa = PBXBuildFile; fileRef = 97E9288527C4872600AEBD84 /* ChatTableViewCell.xib */; };
		97E9288827C49FE000AEBD84 /* ChatViewController.swift in Sources */ = {isa = PBXBuildFile; fileRef = 97E9288727C49FE000AEBD84 /* ChatViewController.swift */; };
		97E9288A27C4DC6200AEBD84 /* AroundCollectionViewCell.xib in Resources */ = {isa = PBXBuildFile; fileRef = 97E9288927C4DC6200AEBD84 /* AroundCollectionViewCell.xib */; };
		97EEE15527C400D300B0164A /* AroundViewController.swift in Sources */ = {isa = PBXBuildFile; fileRef = 97EEE15427C400D300B0164A /* AroundViewController.swift */; };
		97FF9D1E27C6027B00B1BD6E /* MyCarrotViewController.swift in Sources */ = {isa = PBXBuildFile; fileRef = 97FF9D1D27C6027B00B1BD6E /* MyCarrotViewController.swift */; };
/* End PBXBuildFile section */

/* Begin PBXFileReference section */
		9732566327C28FA600838225 /* LifeViewController.swift */ = {isa = PBXFileReference; lastKnownFileType = sourcecode.swift; path = LifeViewController.swift; sourceTree = "<group>"; };
		9732566527C298D800838225 /* LifeTableViewCell.xib */ = {isa = PBXFileReference; lastKnownFileType = file.xib; path = LifeTableViewCell.xib; sourceTree = "<group>"; };
		97543C9127C65D8F006B1B97 /* MyTableViewCell.xib */ = {isa = PBXFileReference; lastKnownFileType = file.xib; path = MyTableViewCell.xib; sourceTree = "<group>"; };
		97543C9527C6AD78006B1B97 /* AddContent.storyboard */ = {isa = PBXFileReference; lastKnownFileType = file.storyboard; path = AddContent.storyboard; sourceTree = "<group>"; };
		97543C9727C6B22A006B1B97 /* AddContentViewController.swift */ = {isa = PBXFileReference; lastKnownFileType = sourcecode.swift; path = AddContentViewController.swift; sourceTree = "<group>"; };
		976268A127C77280000D7ACC /* protocol.swift */ = {isa = PBXFileReference; lastKnownFileType = sourcecode.swift; path = protocol.swift; sourceTree = "<group>"; };
		976268A327C7BE77000D7ACC /* DetailViewController.swift */ = {isa = PBXFileReference; lastKnownFileType = sourcecode.swift; path = DetailViewController.swift; sourceTree = "<group>"; };
		97B9986627C0DCA000698B1B /* 당근마켓 클론(TableView).app */ = {isa = PBXFileReference; explicitFileType = wrapper.application; includeInIndex = 0; path = "당근마켓 클론(TableView).app"; sourceTree = BUILT_PRODUCTS_DIR; };
		97B9986927C0DCA000698B1B /* AppDelegate.swift */ = {isa = PBXFileReference; lastKnownFileType = sourcecode.swift; path = AppDelegate.swift; sourceTree = "<group>"; };
		97B9986B27C0DCA000698B1B /* SceneDelegate.swift */ = {isa = PBXFileReference; lastKnownFileType = sourcecode.swift; path = SceneDelegate.swift; sourceTree = "<group>"; };
		97B9986D27C0DCA000698B1B /* HomeViewController.swift */ = {isa = PBXFileReference; lastKnownFileType = sourcecode.swift; path = HomeViewController.swift; sourceTree = "<group>"; };
		97B9987027C0DCA000698B1B /* Base */ = {isa = PBXFileReference; lastKnownFileType = file.storyboard; name = Base; path = Base.lproj/Main.storyboard; sourceTree = "<group>"; };
		97B9987227C0DCA100698B1B /* Assets.xcassets */ = {isa = PBXFileReference; lastKnownFileType = folder.assetcatalog; path = Assets.xcassets; sourceTree = "<group>"; };
		97B9987527C0DCA100698B1B /* Base */ = {isa = PBXFileReference; lastKnownFileType = file.storyboard; name = Base; path = Base.lproj/LaunchScreen.storyboard; sourceTree = "<group>"; };
		97B9987727C0DCA100698B1B /* Info.plist */ = {isa = PBXFileReference; lastKnownFileType = text.plist.xml; path = Info.plist; sourceTree = "<group>"; };
		97E9288527C4872600AEBD84 /* ChatTableViewCell.xib */ = {isa = PBXFileReference; lastKnownFileType = file.xib; path = ChatTableViewCell.xib; sourceTree = "<group>"; };
		97E9288727C49FE000AEBD84 /* ChatViewController.swift */ = {isa = PBXFileReference; lastKnownFileType = sourcecode.swift; path = ChatViewController.swift; sourceTree = "<group>"; };
		97E9288927C4DC6200AEBD84 /* AroundCollectionViewCell.xib */ = {isa = PBXFileReference; lastKnownFileType = file.xib; path = AroundCollectionViewCell.xib; sourceTree = "<group>"; };
		97EEE15427C400D300B0164A /* AroundViewController.swift */ = {isa = PBXFileReference; lastKnownFileType = sourcecode.swift; path = AroundViewController.swift; sourceTree = "<group>"; };
		97FF9D1D27C6027B00B1BD6E /* MyCarrotViewController.swift */ = {isa = PBXFileReference; lastKnownFileType = sourcecode.swift; path = MyCarrotViewController.swift; sourceTree = "<group>"; };
/* End PBXFileReference section */

/* Begin PBXFrameworksBuildPhase section */
		97B9986327C0DCA000698B1B /* Frameworks */ = {
			isa = PBXFrameworksBuildPhase;
			buildActionMask = 2147483647;
			files = (
			);
			runOnlyForDeploymentPostprocessing = 0;
		};
/* End PBXFrameworksBuildPhase section */

/* Begin PBXGroup section */
		97B9985D27C0DCA000698B1B = {
			isa = PBXGroup;
			children = (
				97B9986827C0DCA000698B1B /* 당근마켓 클론(TableView) */,
				97B9986727C0DCA000698B1B /* Products */,
			);
			sourceTree = "<group>";
		};
		97B9986727C0DCA000698B1B /* Products */ = {
			isa = PBXGroup;
			children = (
				97B9986627C0DCA000698B1B /* 당근마켓 클론(TableView).app */,
			);
			name = Products;
			sourceTree = "<group>";
		};
		97B9986827C0DCA000698B1B /* 당근마켓 클론(TableView) */ = {
			isa = PBXGroup;
			children = (
				97B9986927C0DCA000698B1B /* AppDelegate.swift */,
				97B9986B27C0DCA000698B1B /* SceneDelegate.swift */,
				97B9986D27C0DCA000698B1B /* HomeViewController.swift */,
				9732566327C28FA600838225 /* LifeViewController.swift */,
				97EEE15427C400D300B0164A /* AroundViewController.swift */,
				97E9288727C49FE000AEBD84 /* ChatViewController.swift */,
				97FF9D1D27C6027B00B1BD6E /* MyCarrotViewController.swift */,
				97543C9727C6B22A006B1B97 /* AddContentViewController.swift */,
				976268A327C7BE77000D7ACC /* DetailViewController.swift */,
				976268A127C77280000D7ACC /* protocol.swift */,
				97B9986F27C0DCA000698B1B /* Main.storyboard */,
				97543C9527C6AD78006B1B97 /* AddContent.storyboard */,
				97E9288927C4DC6200AEBD84 /* AroundCollectionViewCell.xib */,
				9732566527C298D800838225 /* LifeTableViewCell.xib */,
				97E9288527C4872600AEBD84 /* ChatTableViewCell.xib */,
				97543C9127C65D8F006B1B97 /* MyTableViewCell.xib */,
				97B9987227C0DCA100698B1B /* Assets.xcassets */,
				97B9987427C0DCA100698B1B /* LaunchScreen.storyboard */,
				97B9987727C0DCA100698B1B /* Info.plist */,
			);
			path = "당근마켓 클론(TableView)";
			sourceTree = "<group>";
		};
/* End PBXGroup section */

/* Begin PBXNativeTarget section */
		97B9986527C0DCA000698B1B /* 당근마켓 클론(TableView) */ = {
			isa = PBXNativeTarget;
			buildConfigurationList = 97B9989027C0DCA100698B1B /* Build configuration list for PBXNativeTarget "당근마켓 클론(TableView)" */;
			buildPhases = (
				97B9986227C0DCA000698B1B /* Sources */,
				97B9986327C0DCA000698B1B /* Frameworks */,
				97B9986427C0DCA000698B1B /* Resources */,
			);
			buildRules = (
			);
			dependencies = (
			);
			name = "당근마켓 클론(TableView)";
			productName = "당근마켓 클론(TableView)";
			productReference = 97B9986627C0DCA000698B1B /* 당근마켓 클론(TableView).app */;
			productType = "com.apple.product-type.application";
		};
/* End PBXNativeTarget section */

/* Begin PBXProject section */
		97B9985E27C0DCA000698B1B /* Project object */ = {
			isa = PBXProject;
			attributes = {
				BuildIndependentTargetsInParallel = 1;
				LastSwiftUpdateCheck = 1320;
				LastUpgradeCheck = 1320;
				TargetAttributes = {
					97B9986527C0DCA000698B1B = {
						CreatedOnToolsVersion = 13.2.1;
					};
				};
			};
			buildConfigurationList = 97B9986127C0DCA000698B1B /* Build configuration list for PBXProject "당근마켓 클론(TableView)" */;
			compatibilityVersion = "Xcode 13.0";
			developmentRegion = en;
			hasScannedForEncodings = 0;
			knownRegions = (
				en,
				Base,
			);
			mainGroup = 97B9985D27C0DCA000698B1B;
			productRefGroup = 97B9986727C0DCA000698B1B /* Products */;
			projectDirPath = "";
			projectRoot = "";
			targets = (
				97B9986527C0DCA000698B1B /* 당근마켓 클론(TableView) */,
			);
		};
/* End PBXProject section */

/* Begin PBXResourcesBuildPhase section */
		97B9986427C0DCA000698B1B /* Resources */ = {
			isa = PBXResourcesBuildPhase;
			buildActionMask = 2147483647;
			files = (
				97B9987627C0DCA100698B1B /* LaunchScreen.storyboard in Resources */,
				9732566627C298D800838225 /* LifeTableViewCell.xib in Resources */,
				97E9288627C4872600AEBD84 /* ChatTableViewCell.xib in Resources */,
				97B9987327C0DCA100698B1B /* Assets.xcassets in Resources */,
				97543C9627C6AD78006B1B97 /* AddContent.storyboard in Resources */,
				97B9987127C0DCA000698B1B /* Main.storyboard in Resources */,
				97543C9227C65D8F006B1B97 /* MyTableViewCell.xib in Resources */,
				97E9288A27C4DC6200AEBD84 /* AroundCollectionViewCell.xib in Resources */,
			);
			runOnlyForDeploymentPostprocessing = 0;
		};
/* End PBXResourcesBuildPhase section */

/* Begin PBXSourcesBuildPhase section */
		97B9986227C0DCA000698B1B /* Sources */ = {
			isa = PBXSourcesBuildPhase;
			buildActionMask = 2147483647;
			files = (
				97B9986E27C0DCA000698B1B /* HomeViewController.swift in Sources */,
				97FF9D1E27C6027B00B1BD6E /* MyCarrotViewController.swift in Sources */,
				97EEE15527C400D300B0164A /* AroundViewController.swift in Sources */,
				97B9986A27C0DCA000698B1B /* AppDelegate.swift in Sources */,
				976268A227C77280000D7ACC /* protocol.swift in Sources */,
				97543C9827C6B22A006B1B97 /* AddContentViewController.swift in Sources */,
				9732566427C28FA600838225 /* LifeViewController.swift in Sources */,
				976268A427C7BE77000D7ACC /* DetailViewController.swift in Sources */,
				97E9288827C49FE000AEBD84 /* ChatViewController.swift in Sources */,
				97B9986C27C0DCA000698B1B /* SceneDelegate.swift in Sources */,
			);
			runOnlyForDeploymentPostprocessing = 0;
		};
/* End PBXSourcesBuildPhase section */

/* Begin PBXVariantGroup section */
		97B9986F27C0DCA000698B1B /* Main.storyboard */ = {
			isa = PBXVariantGroup;
			children = (
				97B9987027C0DCA000698B1B /* Base */,
			);
			name = Main.storyboard;
			sourceTree = "<group>";
		};
		97B9987427C0DCA100698B1B /* LaunchScreen.storyboard */ = {
			isa = PBXVariantGroup;
			children = (
				97B9987527C0DCA100698B1B /* Base */,
			);
			name = LaunchScreen.storyboard;
			sourceTree = "<group>";
		};
/* End PBXVariantGroup section */

/* Begin XCBuildConfiguration section */
		97B9988E27C0DCA100698B1B /* Debug */ = {
			isa = XCBuildConfiguration;
			buildSettings = {
				ALWAYS_SEARCH_USER_PATHS = NO;
				CLANG_ANALYZER_NONNULL = YES;
				CLANG_ANALYZER_NUMBER_OBJECT_CONVERSION = YES_AGGRESSIVE;
				CLANG_CXX_LANGUAGE_STANDARD = "gnu++17";
				CLANG_CXX_LIBRARY = "libc++";
				CLANG_ENABLE_MODULES = YES;
				CLANG_ENABLE_OBJC_ARC = YES;
				CLANG_ENABLE_OBJC_WEAK = YES;
				CLANG_WARN_BLOCK_CAPTURE_AUTORELEASING = YES;
				CLANG_WARN_BOOL_CONVERSION = YES;
				CLANG_WARN_COMMA = YES;
				CLANG_WARN_CONSTANT_CONVERSION = YES;
				CLANG_WARN_DEPRECATED_OBJC_IMPLEMENTATIONS = YES;
				CLANG_WARN_DIRECT_OBJC_ISA_USAGE = YES_ERROR;
				CLANG_WARN_DOCUMENTATION_COMMENTS = YES;
				CLANG_WARN_EMPTY_BODY = YES;
				CLANG_WARN_ENUM_CONVERSION = YES;
				CLANG_WARN_INFINITE_RECURSION = YES;
				CLANG_WARN_INT_CONVERSION = YES;
				CLANG_WARN_NON_LITERAL_NULL_CONVERSION = YES;
				CLANG_WARN_OBJC_IMPLICIT_RETAIN_SELF = YES;
				CLANG_WARN_OBJC_LITERAL_CONVERSION = YES;
				CLANG_WARN_OBJC_ROOT_CLASS = YES_ERROR;
				CLANG_WARN_QUOTED_INCLUDE_IN_FRAMEWORK_HEADER = YES;
				CLANG_WARN_RANGE_LOOP_ANALYSIS = YES;
				CLANG_WARN_STRICT_PROTOTYPES = YES;
				CLANG_WARN_SUSPICIOUS_MOVE = YES;
				CLANG_WARN_UNGUARDED_AVAILABILITY = YES_AGGRESSIVE;
				CLANG_WARN_UNREACHABLE_CODE = YES;
				CLANG_WARN__DUPLICATE_METHOD_MATCH = YES;
				COPY_PHASE_STRIP = NO;
				DEBUG_INFORMATION_FORMAT = dwarf;
				ENABLE_STRICT_OBJC_MSGSEND = YES;
				ENABLE_TESTABILITY = YES;
				GCC_C_LANGUAGE_STANDARD = gnu11;
				GCC_DYNAMIC_NO_PIC = NO;
				GCC_NO_COMMON_BLOCKS = YES;
				GCC_OPTIMIZATION_LEVEL = 0;
				GCC_PREPROCESSOR_DEFINITIONS = (
					"DEBUG=1",
					"$(inherited)",
				);
				GCC_WARN_64_TO_32_BIT_CONVERSION = YES;
				GCC_WARN_ABOUT_RETURN_TYPE = YES_ERROR;
				GCC_WARN_UNDECLARED_SELECTOR = YES;
				GCC_WARN_UNINITIALIZED_AUTOS = YES_AGGRESSIVE;
				GCC_WARN_UNUSED_FUNCTION = YES;
				GCC_WARN_UNUSED_VARIABLE = YES;
				IPHONEOS_DEPLOYMENT_TARGET = 15.2;
				MTL_ENABLE_DEBUG_INFO = INCLUDE_SOURCE;
				MTL_FAST_MATH = YES;
				ONLY_ACTIVE_ARCH = YES;
				SDKROOT = iphoneos;
				SWIFT_ACTIVE_COMPILATION_CONDITIONS = DEBUG;
				SWIFT_OPTIMIZATION_LEVEL = "-Onone";
			};
			name = Debug;
		};
		97B9988F27C0DCA100698B1B /* Release */ = {
			isa = XCBuildConfiguration;
			buildSettings = {
				ALWAYS_SEARCH_USER_PATHS = NO;
				CLANG_ANALYZER_NONNULL = YES;
				CLANG_ANALYZER_NUMBER_OBJECT_CONVERSION = YES_AGGRESSIVE;
				CLANG_CXX_LANGUAGE_STANDARD = "gnu++17";
				CLANG_CXX_LIBRARY = "libc++";
				CLANG_ENABLE_MODULES = YES;
				CLANG_ENABLE_OBJC_ARC = YES;
				CLANG_ENABLE_OBJC_WEAK = YES;
				CLANG_WARN_BLOCK_CAPTURE_AUTORELEASING = YES;
				CLANG_WARN_BOOL_CONVERSION = YES;
				CLANG_WARN_COMMA = YES;
				CLANG_WARN_CONSTANT_CONVERSION = YES;
				CLANG_WARN_DEPRECATED_OBJC_IMPLEMENTATIONS = YES;
				CLANG_WARN_DIRECT_OBJC_ISA_USAGE = YES_ERROR;
				CLANG_WARN_DOCUMENTATION_COMMENTS = YES;
				CLANG_WARN_EMPTY_BODY = YES;
				CLANG_WARN_ENUM_CONVERSION = YES;
				CLANG_WARN_INFINITE_RECURSION = YES;
				CLANG_WARN_INT_CONVERSION = YES;
				CLANG_WARN_NON_LITERAL_NULL_CONVERSION = YES;
				CLANG_WARN_OBJC_IMPLICIT_RETAIN_SELF = YES;
				CLANG_WARN_OBJC_LITERAL_CONVERSION = YES;
				CLANG_WARN_OBJC_ROOT_CLASS = YES_ERROR;
				CLANG_WARN_QUOTED_INCLUDE_IN_FRAMEWORK_HEADER = YES;
				CLANG_WARN_RANGE_LOOP_ANALYSIS = YES;
				CLANG_WARN_STRICT_PROTOTYPES = YES;
				CLANG_WARN_SUSPICIOUS_MOVE = YES;
				CLANG_WARN_UNGUARDED_AVAILABILITY = YES_AGGRESSIVE;
				CLANG_WARN_UNREACHABLE_CODE = YES;
				CLANG_WARN__DUPLICATE_METHOD_MATCH = YES;
				COPY_PHASE_STRIP = NO;
				DEBUG_INFORMATION_FORMAT = "dwarf-with-dsym";
				ENABLE_NS_ASSERTIONS = NO;
				ENABLE_STRICT_OBJC_MSGSEND = YES;
				GCC_C_LANGUAGE_STANDARD = gnu11;
				GCC_NO_COMMON_BLOCKS = YES;
				GCC_WARN_64_TO_32_BIT_CONVERSION = YES;
				GCC_WARN_ABOUT_RETURN_TYPE = YES_ERROR;
				GCC_WARN_UNDECLARED_SELECTOR = YES;
				GCC_WARN_UNINITIALIZED_AUTOS = YES_AGGRESSIVE;
				GCC_WARN_UNUSED_FUNCTION = YES;
				GCC_WARN_UNUSED_VARIABLE = YES;
				IPHONEOS_DEPLOYMENT_TARGET = 15.2;
				MTL_ENABLE_DEBUG_INFO = NO;
				MTL_FAST_MATH = YES;
				SDKROOT = iphoneos;
				SWIFT_COMPILATION_MODE = wholemodule;
				SWIFT_OPTIMIZATION_LEVEL = "-O";
				VALIDATE_PRODUCT = YES;
			};
			name = Release;
		};
		97B9989127C0DCA100698B1B /* Debug */ = {
			isa = XCBuildConfiguration;
			buildSettings = {
				ASSETCATALOG_COMPILER_APPICON_NAME = AppIcon;
				ASSETCATALOG_COMPILER_GLOBAL_ACCENT_COLOR_NAME = AccentColor;
				CODE_SIGN_STYLE = Automatic;
				CURRENT_PROJECT_VERSION = 1;
				DEVELOPMENT_TEAM = 3C6U386B4C;
				GENERATE_INFOPLIST_FILE = YES;
				INFOPLIST_FILE = "당근마켓 클론(TableView)/Info.plist";
				INFOPLIST_KEY_UIApplicationSupportsIndirectInputEvents = YES;
				INFOPLIST_KEY_UILaunchStoryboardName = LaunchScreen;
				INFOPLIST_KEY_UIMainStoryboardFile = Main;
				INFOPLIST_KEY_UISupportedInterfaceOrientations_iPad = "UIInterfaceOrientationPortrait UIInterfaceOrientationPortraitUpsideDown UIInterfaceOrientationLandscapeLeft UIInterfaceOrientationLandscapeRight";
				INFOPLIST_KEY_UISupportedInterfaceOrientations_iPhone = "UIInterfaceOrientationPortrait UIInterfaceOrientationLandscapeLeft UIInterfaceOrientationLandscapeRight";
				LD_RUNPATH_SEARCH_PATHS = (
					"$(inherited)",
					"@executable_path/Frameworks",
				);
				MARKETING_VERSION = 1.0;
				PRODUCT_BUNDLE_IDENTIFIER = "com.hee.-------------------TableView-";
				PRODUCT_NAME = "$(TARGET_NAME)";
				SWIFT_EMIT_LOC_STRINGS = YES;
				SWIFT_VERSION = 5.0;
				TARGETED_DEVICE_FAMILY = "1,2";
			};
			name = Debug;
		};
		97B9989227C0DCA100698B1B /* Release */ = {
			isa = XCBuildConfiguration;
			buildSettings = {
				ASSETCATALOG_COMPILER_APPICON_NAME = AppIcon;
				ASSETCATALOG_COMPILER_GLOBAL_ACCENT_COLOR_NAME = AccentColor;
				CODE_SIGN_STYLE = Automatic;
				CURRENT_PROJECT_VERSION = 1;
				DEVELOPMENT_TEAM = 3C6U386B4C;
				GENERATE_INFOPLIST_FILE = YES;
				INFOPLIST_FILE = "당근마켓 클론(TableView)/Info.plist";
				INFOPLIST_KEY_UIApplicationSupportsIndirectInputEvents = YES;
				INFOPLIST_KEY_UILaunchStoryboardName = LaunchScreen;
				INFOPLIST_KEY_UIMainStoryboardFile = Main;
				INFOPLIST_KEY_UISupportedInterfaceOrientations_iPad = "UIInterfaceOrientationPortrait UIInterfaceOrientationPortraitUpsideDown UIInterfaceOrientationLandscapeLeft UIInterfaceOrientationLandscapeRight";
				INFOPLIST_KEY_UISupportedInterfaceOrientations_iPhone = "UIInterfaceOrientationPortrait UIInterfaceOrientationLandscapeLeft UIInterfaceOrientationLandscapeRight";
				LD_RUNPATH_SEARCH_PATHS = (
					"$(inherited)",
					"@executable_path/Frameworks",
				);
				MARKETING_VERSION = 1.0;
				PRODUCT_BUNDLE_IDENTIFIER = "com.hee.-------------------TableView-";
				PRODUCT_NAME = "$(TARGET_NAME)";
				SWIFT_EMIT_LOC_STRINGS = YES;
				SWIFT_VERSION = 5.0;
				TARGETED_DEVICE_FAMILY = "1,2";
			};
			name = Release;
		};
/* End XCBuildConfiguration section */

/* Begin XCConfigurationList section */
		97B9986127C0DCA000698B1B /* Build configuration list for PBXProject "당근마켓 클론(TableView)" */ = {
			isa = XCConfigurationList;
			buildConfigurations = (
				97B9988E27C0DCA100698B1B /* Debug */,
				97B9988F27C0DCA100698B1B /* Release */,
			);
			defaultConfigurationIsVisible = 0;
			defaultConfigurationName = Release;
		};
		97B9989027C0DCA100698B1B /* Build configuration list for PBXNativeTarget "당근마켓 클론(TableView)" */ = {
			isa = XCConfigurationList;
			buildConfigurations = (
				97B9989127C0DCA100698B1B /* Debug */,
				97B9989227C0DCA100698B1B /* Release */,
			);
			defaultConfigurationIsVisible = 0;
			defaultConfigurationName = Release;
		};
/* End XCConfigurationList section */
	};
	rootObject = 97B9985E27C0DCA000698B1B /* Project object */;
}
