// !$*UTF8*$!
{
	archiveVersion = 1;
	classes = {
	};
	objectVersion = 55;
	objects = {

/* Begin PBXBuildFile section */
		970C00C527D67B9F00D1388F /* WeatherRequest.swift in Sources */ = {isa = PBXBuildFile; fileRef = 970C00C427D67B9F00D1388F /* WeatherRequest.swift */; };
		9758EFB027D72CAC00F3DF03 /* AddressStruct.swift in Sources */ = {isa = PBXBuildFile; fileRef = 9758EFAF27D72CAC00F3DF03 /* AddressStruct.swift */; };
		9758EFB427D7325500F3DF03 /* AddressRequest.swift in Sources */ = {isa = PBXBuildFile; fileRef = 9758EFB327D7325500F3DF03 /* AddressRequest.swift */; };
		9758EFB627D755B700F3DF03 /* WeatherStruct.swift in Sources */ = {isa = PBXBuildFile; fileRef = 9758EFB527D755B700F3DF03 /* WeatherStruct.swift */; };
		9758EFB827D7D01700F3DF03 /* AirPollutionViewController.swift in Sources */ = {isa = PBXBuildFile; fileRef = 9758EFB727D7D01700F3DF03 /* AirPollutionViewController.swift */; };
		9768BAFA27D8710D0017D95D /* AirPollutionRequest.swift in Sources */ = {isa = PBXBuildFile; fileRef = 9768BAF927D8710D0017D95D /* AirPollutionRequest.swift */; };
		9768BAFC27D871810017D95D /* AirPollutionStruct.swift in Sources */ = {isa = PBXBuildFile; fileRef = 9768BAFB27D871810017D95D /* AirPollutionStruct.swift */; };
		976D57B427D93FD900C0A1A0 /* YesterdayWeatherRequest.swift in Sources */ = {isa = PBXBuildFile; fileRef = 976D57B327D93FD900C0A1A0 /* YesterdayWeatherRequest.swift */; };
		976D57B627D93FEF00C0A1A0 /* YesterdayWeatherStruct.swift in Sources */ = {isa = PBXBuildFile; fileRef = 976D57B527D93FEF00C0A1A0 /* YesterdayWeatherStruct.swift */; };
		977DA5EF27D4EF8B005360D0 /* KakaoSDK in Frameworks */ = {isa = PBXBuildFile; productRef = 977DA5EE27D4EF8B005360D0 /* KakaoSDK */; };
		977DA5F127D50318005360D0 /* MainViewController.swift in Sources */ = {isa = PBXBuildFile; fileRef = 977DA5F027D50318005360D0 /* MainViewController.swift */; };
		977DA5F627D53760005360D0 /* GoogleSignIn in Frameworks */ = {isa = PBXBuildFile; productRef = 977DA5F527D53760005360D0 /* GoogleSignIn */; };
		97E23A0E27D37DB100F9451A /* AppDelegate.swift in Sources */ = {isa = PBXBuildFile; fileRef = 97E23A0D27D37DB100F9451A /* AppDelegate.swift */; };
		97E23A1027D37DB100F9451A /* SceneDelegate.swift in Sources */ = {isa = PBXBuildFile; fileRef = 97E23A0F27D37DB100F9451A /* SceneDelegate.swift */; };
		97E23A1227D37DB100F9451A /* LoginViewController.swift in Sources */ = {isa = PBXBuildFile; fileRef = 97E23A1127D37DB100F9451A /* LoginViewController.swift */; };
		97E23A1527D37DB100F9451A /* Main.storyboard in Resources */ = {isa = PBXBuildFile; fileRef = 97E23A1327D37DB100F9451A /* Main.storyboard */; };
		97E23A1727D37DB200F9451A /* Assets.xcassets in Resources */ = {isa = PBXBuildFile; fileRef = 97E23A1627D37DB200F9451A /* Assets.xcassets */; };
		97E23A1A27D37DB200F9451A /* LaunchScreen.storyboard in Resources */ = {isa = PBXBuildFile; fileRef = 97E23A1827D37DB200F9451A /* LaunchScreen.storyboard */; };
		97E23A2327D387E800F9451A /* Alamofire in Frameworks */ = {isa = PBXBuildFile; productRef = 97E23A2227D387E800F9451A /* Alamofire */; };
/* End PBXBuildFile section */

/* Begin PBXFileReference section */
		970C00C427D67B9F00D1388F /* WeatherRequest.swift */ = {isa = PBXFileReference; lastKnownFileType = sourcecode.swift; path = WeatherRequest.swift; sourceTree = "<group>"; };
		9758EFAF27D72CAC00F3DF03 /* AddressStruct.swift */ = {isa = PBXFileReference; lastKnownFileType = sourcecode.swift; path = AddressStruct.swift; sourceTree = "<group>"; };
		9758EFB327D7325500F3DF03 /* AddressRequest.swift */ = {isa = PBXFileReference; lastKnownFileType = sourcecode.swift; path = AddressRequest.swift; sourceTree = "<group>"; };
		9758EFB527D755B700F3DF03 /* WeatherStruct.swift */ = {isa = PBXFileReference; lastKnownFileType = sourcecode.swift; path = WeatherStruct.swift; sourceTree = "<group>"; };
		9758EFB727D7D01700F3DF03 /* AirPollutionViewController.swift */ = {isa = PBXFileReference; lastKnownFileType = sourcecode.swift; path = AirPollutionViewController.swift; sourceTree = "<group>"; };
		9768BAF927D8710D0017D95D /* AirPollutionRequest.swift */ = {isa = PBXFileReference; lastKnownFileType = sourcecode.swift; path = AirPollutionRequest.swift; sourceTree = "<group>"; };
		9768BAFB27D871810017D95D /* AirPollutionStruct.swift */ = {isa = PBXFileReference; lastKnownFileType = sourcecode.swift; path = AirPollutionStruct.swift; sourceTree = "<group>"; };
		976D57B327D93FD900C0A1A0 /* YesterdayWeatherRequest.swift */ = {isa = PBXFileReference; lastKnownFileType = sourcecode.swift; path = YesterdayWeatherRequest.swift; sourceTree = "<group>"; };
		976D57B527D93FEF00C0A1A0 /* YesterdayWeatherStruct.swift */ = {isa = PBXFileReference; lastKnownFileType = sourcecode.swift; path = YesterdayWeatherStruct.swift; sourceTree = "<group>"; };
		977DA5F027D50318005360D0 /* MainViewController.swift */ = {isa = PBXFileReference; lastKnownFileType = sourcecode.swift; path = MainViewController.swift; sourceTree = "<group>"; };
		97E23A0A27D37DB100F9451A /* weatherProject.app */ = {isa = PBXFileReference; explicitFileType = wrapper.application; includeInIndex = 0; path = weatherProject.app; sourceTree = BUILT_PRODUCTS_DIR; };
		97E23A0D27D37DB100F9451A /* AppDelegate.swift */ = {isa = PBXFileReference; lastKnownFileType = sourcecode.swift; path = AppDelegate.swift; sourceTree = "<group>"; };
		97E23A0F27D37DB100F9451A /* SceneDelegate.swift */ = {isa = PBXFileReference; lastKnownFileType = sourcecode.swift; path = SceneDelegate.swift; sourceTree = "<group>"; };
		97E23A1127D37DB100F9451A /* LoginViewController.swift */ = {isa = PBXFileReference; lastKnownFileType = sourcecode.swift; path = LoginViewController.swift; sourceTree = "<group>"; };
		97E23A1427D37DB100F9451A /* Base */ = {isa = PBXFileReference; lastKnownFileType = file.storyboard; name = Base; path = Base.lproj/Main.storyboard; sourceTree = "<group>"; };
		97E23A1627D37DB200F9451A /* Assets.xcassets */ = {isa = PBXFileReference; lastKnownFileType = folder.assetcatalog; path = Assets.xcassets; sourceTree = "<group>"; };
		97E23A1927D37DB200F9451A /* Base */ = {isa = PBXFileReference; lastKnownFileType = file.storyboard; name = Base; path = Base.lproj/LaunchScreen.storyboard; sourceTree = "<group>"; };
		97E23A1B27D37DB200F9451A /* Info.plist */ = {isa = PBXFileReference; lastKnownFileType = text.plist.xml; path = Info.plist; sourceTree = "<group>"; };
/* End PBXFileReference section */

/* Begin PBXFrameworksBuildPhase section */
		97E23A0727D37DB100F9451A /* Frameworks */ = {
			isa = PBXFrameworksBuildPhase;
			buildActionMask = 2147483647;
			files = (
				97E23A2327D387E800F9451A /* Alamofire in Frameworks */,
				977DA5EF27D4EF8B005360D0 /* KakaoSDK in Frameworks */,
				977DA5F627D53760005360D0 /* GoogleSignIn in Frameworks */,
			);
			runOnlyForDeploymentPostprocessing = 0;
		};
/* End PBXFrameworksBuildPhase section */

/* Begin PBXGroup section */
		9758EFB127D72CBE00F3DF03 /* StructModel */ = {
			isa = PBXGroup;
			children = (
				9758EFB527D755B700F3DF03 /* WeatherStruct.swift */,
				9758EFAF27D72CAC00F3DF03 /* AddressStruct.swift */,
				9768BAFB27D871810017D95D /* AirPollutionStruct.swift */,
				976D57B527D93FEF00C0A1A0 /* YesterdayWeatherStruct.swift */,
			);
			path = StructModel;
			sourceTree = "<group>";
		};
		9758EFB227D72DBB00F3DF03 /* Request */ = {
			isa = PBXGroup;
			children = (
				970C00C427D67B9F00D1388F /* WeatherRequest.swift */,
				9758EFB327D7325500F3DF03 /* AddressRequest.swift */,
				9768BAF927D8710D0017D95D /* AirPollutionRequest.swift */,
				976D57B327D93FD900C0A1A0 /* YesterdayWeatherRequest.swift */,
			);
			path = Request;
			sourceTree = "<group>";
		};
		977DA5F227D50328005360D0 /* ViewControllers */ = {
			isa = PBXGroup;
			children = (
				97E23A1127D37DB100F9451A /* LoginViewController.swift */,
				977DA5F027D50318005360D0 /* MainViewController.swift */,
				9758EFB727D7D01700F3DF03 /* AirPollutionViewController.swift */,
			);
			path = ViewControllers;
			sourceTree = "<group>";
		};
		97E23A0127D37DB100F9451A = {
			isa = PBXGroup;
			children = (
				97E23A0C27D37DB100F9451A /* weatherProject */,
				97E23A0B27D37DB100F9451A /* Products */,
			);
			sourceTree = "<group>";
		};
		97E23A0B27D37DB100F9451A /* Products */ = {
			isa = PBXGroup;
			children = (
				97E23A0A27D37DB100F9451A /* weatherProject.app */,
			);
			name = Products;
			sourceTree = "<group>";
		};
		97E23A0C27D37DB100F9451A /* weatherProject */ = {
			isa = PBXGroup;
			children = (
				97E23A0D27D37DB100F9451A /* AppDelegate.swift */,
				97E23A0F27D37DB100F9451A /* SceneDelegate.swift */,
				977DA5F227D50328005360D0 /* ViewControllers */,
				9758EFB127D72CBE00F3DF03 /* StructModel */,
				9758EFB227D72DBB00F3DF03 /* Request */,
				97E23A1327D37DB100F9451A /* Main.storyboard */,
				97E23A1827D37DB200F9451A /* LaunchScreen.storyboard */,
				97E23A1627D37DB200F9451A /* Assets.xcassets */,
				97E23A1B27D37DB200F9451A /* Info.plist */,
			);
			path = weatherProject;
			sourceTree = "<group>";
		};
/* End PBXGroup section */

/* Begin PBXNativeTarget section */
		97E23A0927D37DB100F9451A /* weatherProject */ = {
			isa = PBXNativeTarget;
			buildConfigurationList = 97E23A1E27D37DB200F9451A /* Build configuration list for PBXNativeTarget "weatherProject" */;
			buildPhases = (
				97E23A0627D37DB100F9451A /* Sources */,
				97E23A0727D37DB100F9451A /* Frameworks */,
				97E23A0827D37DB100F9451A /* Resources */,
			);
			buildRules = (
			);
			dependencies = (
			);
			name = weatherProject;
			packageProductDependencies = (
				97E23A2227D387E800F9451A /* Alamofire */,
				977DA5EE27D4EF8B005360D0 /* KakaoSDK */,
				977DA5F527D53760005360D0 /* GoogleSignIn */,
			);
			productName = weatherProject;
			productReference = 97E23A0A27D37DB100F9451A /* weatherProject.app */;
			productType = "com.apple.product-type.application";
		};
/* End PBXNativeTarget section */

/* Begin PBXProject section */
		97E23A0227D37DB100F9451A /* Project object */ = {
			isa = PBXProject;
			attributes = {
				BuildIndependentTargetsInParallel = 1;
				LastSwiftUpdateCheck = 1320;
				LastUpgradeCheck = 1320;
				TargetAttributes = {
					97E23A0927D37DB100F9451A = {
						CreatedOnToolsVersion = 13.2.1;
					};
				};
			};
			buildConfigurationList = 97E23A0527D37DB100F9451A /* Build configuration list for PBXProject "weatherProject" */;
			compatibilityVersion = "Xcode 13.0";
			developmentRegion = en;
			hasScannedForEncodings = 0;
			knownRegions = (
				en,
				Base,
			);
			mainGroup = 97E23A0127D37DB100F9451A;
			packageReferences = (
				97E23A2127D387E800F9451A /* XCRemoteSwiftPackageReference "Alamofire" */,
				977DA5ED27D4EF8B005360D0 /* XCRemoteSwiftPackageReference "kakao-ios-sdk" */,
				977DA5F427D53760005360D0 /* XCRemoteSwiftPackageReference "GoogleSignIn-iOS" */,
			);
			productRefGroup = 97E23A0B27D37DB100F9451A /* Products */;
			projectDirPath = "";
			projectRoot = "";
			targets = (
				97E23A0927D37DB100F9451A /* weatherProject */,
			);
		};
/* End PBXProject section */

/* Begin PBXResourcesBuildPhase section */
		97E23A0827D37DB100F9451A /* Resources */ = {
			isa = PBXResourcesBuildPhase;
			buildActionMask = 2147483647;
			files = (
				97E23A1A27D37DB200F9451A /* LaunchScreen.storyboard in Resources */,
				97E23A1727D37DB200F9451A /* Assets.xcassets in Resources */,
				97E23A1527D37DB100F9451A /* Main.storyboard in Resources */,
			);
			runOnlyForDeploymentPostprocessing = 0;
		};
/* End PBXResourcesBuildPhase section */

/* Begin PBXSourcesBuildPhase section */
		97E23A0627D37DB100F9451A /* Sources */ = {
			isa = PBXSourcesBuildPhase;
			buildActionMask = 2147483647;
			files = (
				97E23A1227D37DB100F9451A /* LoginViewController.swift in Sources */,
				9758EFB027D72CAC00F3DF03 /* AddressStruct.swift in Sources */,
				970C00C527D67B9F00D1388F /* WeatherRequest.swift in Sources */,
				9768BAFA27D8710D0017D95D /* AirPollutionRequest.swift in Sources */,
				976D57B627D93FEF00C0A1A0 /* YesterdayWeatherStruct.swift in Sources */,
				9758EFB827D7D01700F3DF03 /* AirPollutionViewController.swift in Sources */,
				9758EFB627D755B700F3DF03 /* WeatherStruct.swift in Sources */,
				97E23A0E27D37DB100F9451A /* AppDelegate.swift in Sources */,
				976D57B427D93FD900C0A1A0 /* YesterdayWeatherRequest.swift in Sources */,
				9768BAFC27D871810017D95D /* AirPollutionStruct.swift in Sources */,
				9758EFB427D7325500F3DF03 /* AddressRequest.swift in Sources */,
				97E23A1027D37DB100F9451A /* SceneDelegate.swift in Sources */,
				977DA5F127D50318005360D0 /* MainViewController.swift in Sources */,
			);
			runOnlyForDeploymentPostprocessing = 0;
		};
/* End PBXSourcesBuildPhase section */

/* Begin PBXVariantGroup section */
		97E23A1327D37DB100F9451A /* Main.storyboard */ = {
			isa = PBXVariantGroup;
			children = (
				97E23A1427D37DB100F9451A /* Base */,
			);
			name = Main.storyboard;
			sourceTree = "<group>";
		};
		97E23A1827D37DB200F9451A /* LaunchScreen.storyboard */ = {
			isa = PBXVariantGroup;
			children = (
				97E23A1927D37DB200F9451A /* Base */,
			);
			name = LaunchScreen.storyboard;
			sourceTree = "<group>";
		};
/* End PBXVariantGroup section */

/* Begin XCBuildConfiguration section */
		97E23A1C27D37DB200F9451A /* Debug */ = {
			isa = XCBuildConfiguration;
			buildSettings = {
				ALWAYS_SEARCH_USER_PATHS = NO;
				CLANG_ANALYZER_NONNULL = YES;
				CLANG_ANALYZER_NUMBER_OBJECT_CONVERSION = YES_AGGRESSIVE;
				CLANG_CXX_LANGUAGE_STANDARD = "gnu++17";
				CLANG_CXX_LIBRARY = "libc++";
				CLANG_ENABLE_MODULES = YES;
				CLANG_ENABLE_OBJC_ARC = YES;
				CLANG_ENABLE_OBJC_WEAK = YES;
				CLANG_WARN_BLOCK_CAPTURE_AUTORELEASING = YES;
				CLANG_WARN_BOOL_CONVERSION = YES;
				CLANG_WARN_COMMA = YES;
				CLANG_WARN_CONSTANT_CONVERSION = YES;
				CLANG_WARN_DEPRECATED_OBJC_IMPLEMENTATIONS = YES;
				CLANG_WARN_DIRECT_OBJC_ISA_USAGE = YES_ERROR;
				CLANG_WARN_DOCUMENTATION_COMMENTS = YES;
				CLANG_WARN_EMPTY_BODY = YES;
				CLANG_WARN_ENUM_CONVERSION = YES;
				CLANG_WARN_INFINITE_RECURSION = YES;
				CLANG_WARN_INT_CONVERSION = YES;
				CLANG_WARN_NON_LITERAL_NULL_CONVERSION = YES;
				CLANG_WARN_OBJC_IMPLICIT_RETAIN_SELF = YES;
				CLANG_WARN_OBJC_LITERAL_CONVERSION = YES;
				CLANG_WARN_OBJC_ROOT_CLASS = YES_ERROR;
				CLANG_WARN_QUOTED_INCLUDE_IN_FRAMEWORK_HEADER = YES;
				CLANG_WARN_RANGE_LOOP_ANALYSIS = YES;
				CLANG_WARN_STRICT_PROTOTYPES = YES;
				CLANG_WARN_SUSPICIOUS_MOVE = YES;
				CLANG_WARN_UNGUARDED_AVAILABILITY = YES_AGGRESSIVE;
				CLANG_WARN_UNREACHABLE_CODE = YES;
				CLANG_WARN__DUPLICATE_METHOD_MATCH = YES;
				COPY_PHASE_STRIP = NO;
				DEBUG_INFORMATION_FORMAT = dwarf;
				ENABLE_STRICT_OBJC_MSGSEND = YES;
				ENABLE_TESTABILITY = YES;
				GCC_C_LANGUAGE_STANDARD = gnu11;
				GCC_DYNAMIC_NO_PIC = NO;
				GCC_NO_COMMON_BLOCKS = YES;
				GCC_OPTIMIZATION_LEVEL = 0;
				GCC_PREPROCESSOR_DEFINITIONS = (
					"DEBUG=1",
					"$(inherited)",
				);
				GCC_WARN_64_TO_32_BIT_CONVERSION = YES;
				GCC_WARN_ABOUT_RETURN_TYPE = YES_ERROR;
				GCC_WARN_UNDECLARED_SELECTOR = YES;
				GCC_WARN_UNINITIALIZED_AUTOS = YES_AGGRESSIVE;
				GCC_WARN_UNUSED_FUNCTION = YES;
				GCC_WARN_UNUSED_VARIABLE = YES;
				IPHONEOS_DEPLOYMENT_TARGET = 15.2;
				MTL_ENABLE_DEBUG_INFO = INCLUDE_SOURCE;
				MTL_FAST_MATH = YES;
				ONLY_ACTIVE_ARCH = YES;
				SDKROOT = iphoneos;
				SWIFT_ACTIVE_COMPILATION_CONDITIONS = DEBUG;
				SWIFT_OPTIMIZATION_LEVEL = "-Onone";
			};
			name = Debug;
		};
		97E23A1D27D37DB200F9451A /* Release */ = {
			isa = XCBuildConfiguration;
			buildSettings = {
				ALWAYS_SEARCH_USER_PATHS = NO;
				CLANG_ANALYZER_NONNULL = YES;
				CLANG_ANALYZER_NUMBER_OBJECT_CONVERSION = YES_AGGRESSIVE;
				CLANG_CXX_LANGUAGE_STANDARD = "gnu++17";
				CLANG_CXX_LIBRARY = "libc++";
				CLANG_ENABLE_MODULES = YES;
				CLANG_ENABLE_OBJC_ARC = YES;
				CLANG_ENABLE_OBJC_WEAK = YES;
				CLANG_WARN_BLOCK_CAPTURE_AUTORELEASING = YES;
				CLANG_WARN_BOOL_CONVERSION = YES;
				CLANG_WARN_COMMA = YES;
				CLANG_WARN_CONSTANT_CONVERSION = YES;
				CLANG_WARN_DEPRECATED_OBJC_IMPLEMENTATIONS = YES;
				CLANG_WARN_DIRECT_OBJC_ISA_USAGE = YES_ERROR;
				CLANG_WARN_DOCUMENTATION_COMMENTS = YES;
				CLANG_WARN_EMPTY_BODY = YES;
				CLANG_WARN_ENUM_CONVERSION = YES;
				CLANG_WARN_INFINITE_RECURSION = YES;
				CLANG_WARN_INT_CONVERSION = YES;
				CLANG_WARN_NON_LITERAL_NULL_CONVERSION = YES;
				CLANG_WARN_OBJC_IMPLICIT_RETAIN_SELF = YES;
				CLANG_WARN_OBJC_LITERAL_CONVERSION = YES;
				CLANG_WARN_OBJC_ROOT_CLASS = YES_ERROR;
				CLANG_WARN_QUOTED_INCLUDE_IN_FRAMEWORK_HEADER = YES;
				CLANG_WARN_RANGE_LOOP_ANALYSIS = YES;
				CLANG_WARN_STRICT_PROTOTYPES = YES;
				CLANG_WARN_SUSPICIOUS_MOVE = YES;
				CLANG_WARN_UNGUARDED_AVAILABILITY = YES_AGGRESSIVE;
				CLANG_WARN_UNREACHABLE_CODE = YES;
				CLANG_WARN__DUPLICATE_METHOD_MATCH = YES;
				COPY_PHASE_STRIP = NO;
				DEBUG_INFORMATION_FORMAT = "dwarf-with-dsym";
				ENABLE_NS_ASSERTIONS = NO;
				ENABLE_STRICT_OBJC_MSGSEND = YES;
				GCC_C_LANGUAGE_STANDARD = gnu11;
				GCC_NO_COMMON_BLOCKS = YES;
				GCC_WARN_64_TO_32_BIT_CONVERSION = YES;
				GCC_WARN_ABOUT_RETURN_TYPE = YES_ERROR;
				GCC_WARN_UNDECLARED_SELECTOR = YES;
				GCC_WARN_UNINITIALIZED_AUTOS = YES_AGGRESSIVE;
				GCC_WARN_UNUSED_FUNCTION = YES;
				GCC_WARN_UNUSED_VARIABLE = YES;
				IPHONEOS_DEPLOYMENT_TARGET = 15.2;
				MTL_ENABLE_DEBUG_INFO = NO;
				MTL_FAST_MATH = YES;
				SDKROOT = iphoneos;
				SWIFT_COMPILATION_MODE = wholemodule;
				SWIFT_OPTIMIZATION_LEVEL = "-O";
				VALIDATE_PRODUCT = YES;
			};
			name = Release;
		};
		97E23A1F27D37DB200F9451A /* Debug */ = {
			isa = XCBuildConfiguration;
			buildSettings = {
				ASSETCATALOG_COMPILER_APPICON_NAME = AppIcon;
				ASSETCATALOG_COMPILER_GLOBAL_ACCENT_COLOR_NAME = AccentColor;
				CODE_SIGN_STYLE = Automatic;
				CURRENT_PROJECT_VERSION = 1;
				DEVELOPMENT_TEAM = 3C6U386B4C;
				GENERATE_INFOPLIST_FILE = YES;
				INFOPLIST_FILE = weatherProject/Info.plist;
				INFOPLIST_KEY_NSLocationAlwaysAndWhenInUseUsageDescription = "사용자의 위치정보를 받아오는 것을 허용하시겠습니까";
				INFOPLIST_KEY_NSLocationWhenInUseUsageDescription = "사용자의 위치정보를 받아오는 것을 허용하시겠습니까";
				INFOPLIST_KEY_UIApplicationSupportsIndirectInputEvents = YES;
				INFOPLIST_KEY_UILaunchStoryboardName = LaunchScreen;
				INFOPLIST_KEY_UIMainStoryboardFile = Main;
				INFOPLIST_KEY_UISupportedInterfaceOrientations_iPad = "UIInterfaceOrientationPortrait UIInterfaceOrientationPortraitUpsideDown UIInterfaceOrientationLandscapeLeft UIInterfaceOrientationLandscapeRight";
				INFOPLIST_KEY_UISupportedInterfaceOrientations_iPhone = "UIInterfaceOrientationPortrait UIInterfaceOrientationLandscapeLeft UIInterfaceOrientationLandscapeRight";
				LD_RUNPATH_SEARCH_PATHS = (
					"$(inherited)",
					"@executable_path/Frameworks",
				);
				MARKETING_VERSION = 1.0;
				PRODUCT_BUNDLE_IDENTIFIER = com.hee.weatherProject;
				PRODUCT_NAME = "$(TARGET_NAME)";
				SWIFT_EMIT_LOC_STRINGS = YES;
				SWIFT_VERSION = 5.0;
				TARGETED_DEVICE_FAMILY = "1,2";
			};
			name = Debug;
		};
		97E23A2027D37DB200F9451A /* Release */ = {
			isa = XCBuildConfiguration;
			buildSettings = {
				ASSETCATALOG_COMPILER_APPICON_NAME = AppIcon;
				ASSETCATALOG_COMPILER_GLOBAL_ACCENT_COLOR_NAME = AccentColor;
				CODE_SIGN_STYLE = Automatic;
				CURRENT_PROJECT_VERSION = 1;
				DEVELOPMENT_TEAM = 3C6U386B4C;
				GENERATE_INFOPLIST_FILE = YES;
				INFOPLIST_FILE = weatherProject/Info.plist;
				INFOPLIST_KEY_NSLocationAlwaysAndWhenInUseUsageDescription = "사용자의 위치정보를 받아오는 것을 허용하시겠습니까";
				INFOPLIST_KEY_NSLocationWhenInUseUsageDescription = "사용자의 위치정보를 받아오는 것을 허용하시겠습니까";
				INFOPLIST_KEY_UIApplicationSupportsIndirectInputEvents = YES;
				INFOPLIST_KEY_UILaunchStoryboardName = LaunchScreen;
				INFOPLIST_KEY_UIMainStoryboardFile = Main;
				INFOPLIST_KEY_UISupportedInterfaceOrientations_iPad = "UIInterfaceOrientationPortrait UIInterfaceOrientationPortraitUpsideDown UIInterfaceOrientationLandscapeLeft UIInterfaceOrientationLandscapeRight";
				INFOPLIST_KEY_UISupportedInterfaceOrientations_iPhone = "UIInterfaceOrientationPortrait UIInterfaceOrientationLandscapeLeft UIInterfaceOrientationLandscapeRight";
				LD_RUNPATH_SEARCH_PATHS = (
					"$(inherited)",
					"@executable_path/Frameworks",
				);
				MARKETING_VERSION = 1.0;
				PRODUCT_BUNDLE_IDENTIFIER = com.hee.weatherProject;
				PRODUCT_NAME = "$(TARGET_NAME)";
				SWIFT_EMIT_LOC_STRINGS = YES;
				SWIFT_VERSION = 5.0;
				TARGETED_DEVICE_FAMILY = "1,2";
			};
			name = Release;
		};
/* End XCBuildConfiguration section */

/* Begin XCConfigurationList section */
		97E23A0527D37DB100F9451A /* Build configuration list for PBXProject "weatherProject" */ = {
			isa = XCConfigurationList;
			buildConfigurations = (
				97E23A1C27D37DB200F9451A /* Debug */,
				97E23A1D27D37DB200F9451A /* Release */,
			);
			defaultConfigurationIsVisible = 0;
			defaultConfigurationName = Release;
		};
		97E23A1E27D37DB200F9451A /* Build configuration list for PBXNativeTarget "weatherProject" */ = {
			isa = XCConfigurationList;
			buildConfigurations = (
				97E23A1F27D37DB200F9451A /* Debug */,
				97E23A2027D37DB200F9451A /* Release */,
			);
			defaultConfigurationIsVisible = 0;
			defaultConfigurationName = Release;
		};
/* End XCConfigurationList section */

/* Begin XCRemoteSwiftPackageReference section */
		977DA5ED27D4EF8B005360D0 /* XCRemoteSwiftPackageReference "kakao-ios-sdk" */ = {
			isa = XCRemoteSwiftPackageReference;
			repositoryURL = "https://github.com/kakao/kakao-ios-sdk";
			requirement = {
				branch = master;
				kind = branch;
			};
		};
		977DA5F427D53760005360D0 /* XCRemoteSwiftPackageReference "GoogleSignIn-iOS" */ = {
			isa = XCRemoteSwiftPackageReference;
			repositoryURL = "https://github.com/google/GoogleSignIn-iOS";
			requirement = {
				kind = upToNextMajorVersion;
				minimumVersion = 6.0.0;
			};
		};
		97E23A2127D387E800F9451A /* XCRemoteSwiftPackageReference "Alamofire" */ = {
			isa = XCRemoteSwiftPackageReference;
			repositoryURL = "https://github.com/Alamofire/Alamofire.git";
			requirement = {
				kind = upToNextMajorVersion;
				minimumVersion = 5.0.0;
			};
		};
/* End XCRemoteSwiftPackageReference section */

/* Begin XCSwiftPackageProductDependency section */
		977DA5EE27D4EF8B005360D0 /* KakaoSDK */ = {
			isa = XCSwiftPackageProductDependency;
			package = 977DA5ED27D4EF8B005360D0 /* XCRemoteSwiftPackageReference "kakao-ios-sdk" */;
			productName = KakaoSDK;
		};
		977DA5F527D53760005360D0 /* GoogleSignIn */ = {
			isa = XCSwiftPackageProductDependency;
			package = 977DA5F427D53760005360D0 /* XCRemoteSwiftPackageReference "GoogleSignIn-iOS" */;
			productName = GoogleSignIn;
		};
		97E23A2227D387E800F9451A /* Alamofire */ = {
			isa = XCSwiftPackageProductDependency;
			package = 97E23A2127D387E800F9451A /* XCRemoteSwiftPackageReference "Alamofire" */;
			productName = Alamofire;
		};
/* End XCSwiftPackageProductDependency section */
	};
	rootObject = 97E23A0227D37DB100F9451A /* Project object */;
}
